
Microsoft Visual Studio Solution File, Format Version 12.00
# Visual Studio 15
VisualStudioVersion = 15.0.26430.4
MinimumVisualStudioVersion = 10.0.40219.1
Project("{2150E333-8FDC-42A3-9474-1A3956D46DE8}") = "API", "API", "{744B5BA6-91CE-4982-8DA9-E7D7901DD0EB}"
EndProject
Project("{2150E333-8FDC-42A3-9474-1A3956D46DE8}") = "Azure", "Azure", "{C85E52FF-5638-4161-A3A4-03437DE9E758}"
EndProject
Project("{2150E333-8FDC-42A3-9474-1A3956D46DE8}") = "Common", "Common", "{A47DFD61-0AC3-4B38-AACA-FF609D3D86E2}"
EndProject
Project("{2150E333-8FDC-42A3-9474-1A3956D46DE8}") = "Test", "Test", "{5CC9953F-D11C-4EBC-A648-388A0A31B91C}"
EndProject
Project("{2150E333-8FDC-42A3-9474-1A3956D46DE8}") = "UI", "UI", "{87CE14A6-51AF-4E89-B854-E9B2BDB894AC}"
EndProject
Project("{FAE04EC0-301F-11D3-BF4B-00C04F79EFBC}") = "CareMobile.Azure.DocumentDB", "Azure\CareMobile.Azure.DocumentDB\CareMobile.Azure.DocumentDB.csproj", "{A937DE24-CDE1-4726-B04A-274638B2E83A}"
EndProject
Project("{FAE04EC0-301F-11D3-BF4B-00C04F79EFBC}") = "CareMobile.Azure.Storage", "Azure\CareMobile.Azure.Storage\CareMobile.Azure.Storage.csproj", "{2315B808-5515-4540-B44C-AD53184BFF9E}"
EndProject
Project("{FAE04EC0-301F-11D3-BF4B-00C04F79EFBC}") = "CareMobile.API.Common", "Common\CareMobile.API.Common\CareMobile.API.Common.csproj", "{E63EA8DA-1FF9-4E99-A683-A50737891522}"
EndProject
Project("{FAE04EC0-301F-11D3-BF4B-00C04F79EFBC}") = "CareMobile.Console.Test", "Test\CareMobile.Console.Test\CareMobile.Console.Test.csproj", "{15CC7322-E480-498D-918A-0984524EE98C}"
EndProject
Project("{FAE04EC0-301F-11D3-BF4B-00C04F79EFBC}") = "CareMobileApp.Android", "UI\CareMobileApp\CareMobileApp.Android\CareMobileApp.Android.csproj", "{447A639B-5DCA-4435-A6C9-D76EB137BF1E}"
EndProject
Project("{FAE04EC0-301F-11D3-BF4B-00C04F79EFBC}") = "CareMobileApp", "UI\CareMobileApp\CareMobileApp\CareMobileApp.csproj", "{3B041265-8025-43CE-B565-8A9A13CF7EAB}"
EndProject
Project("{FAE04EC0-301F-11D3-BF4B-00C04F79EFBC}") = "CareMobileApp.UWP", "UI\CareMobileApp\CareMobileApp.UWP\CareMobileApp.UWP.csproj", "{FB360ED3-62FD-4272-9EA1-8ED148CA5C25}"
EndProject
Project("{FAE04EC0-301F-11D3-BF4B-00C04F79EFBC}") = "CareMobileApp.iOS", "UI\CareMobileApp\CareMobileApp.iOS\CareMobileApp.iOS.csproj", "{3FE3B82E-8780-4A11-B4C7-EB843656FD23}"
EndProject
Project("{FAE04EC0-301F-11D3-BF4B-00C04F79EFBC}") = "CareMobile.API.Configuration", "Common\CareMobile.API.Configuration\CareMobile.API.Configuration.csproj", "{35F08C5F-E146-48F8-8536-A36FD08655F3}"
EndProject
Project("{FAE04EC0-301F-11D3-BF4B-00C04F79EFBC}") = "CareMobile.Azure.EmotionAPI", "Azure\CareMobile.Azure.EmotionAPI\CareMobile.Azure.EmotionAPI.csproj", "{8BF0DBB6-A35B-4270-894A-2E3A6A05BCB6}"
EndProject
Project("{FAE04EC0-301F-11D3-BF4B-00C04F79EFBC}") = "CareMobile.API.Host", "API\CareMobile.API.Host\CareMobile.API.Host.csproj", "{F2B8CBCD-B2ED-4146-BC14-D38ABF16ACC9}"
EndProject
Global
	GlobalSection(SolutionConfigurationPlatforms) = preSolution
		Ad-Hoc|Any CPU = Ad-Hoc|Any CPU
		Ad-Hoc|ARM = Ad-Hoc|ARM
		Ad-Hoc|iPhone = Ad-Hoc|iPhone
		Ad-Hoc|iPhoneSimulator = Ad-Hoc|iPhoneSimulator
		Ad-Hoc|x64 = Ad-Hoc|x64
		Ad-Hoc|x86 = Ad-Hoc|x86
		AppStore|Any CPU = AppStore|Any CPU
		AppStore|ARM = AppStore|ARM
		AppStore|iPhone = AppStore|iPhone
		AppStore|iPhoneSimulator = AppStore|iPhoneSimulator
		AppStore|x64 = AppStore|x64
		AppStore|x86 = AppStore|x86
		Debug|Any CPU = Debug|Any CPU
		Debug|ARM = Debug|ARM
		Debug|iPhone = Debug|iPhone
		Debug|iPhoneSimulator = Debug|iPhoneSimulator
		Debug|x64 = Debug|x64
		Debug|x86 = Debug|x86
		Release|Any CPU = Release|Any CPU
		Release|ARM = Release|ARM
		Release|iPhone = Release|iPhone
		Release|iPhoneSimulator = Release|iPhoneSimulator
		Release|x64 = Release|x64
		Release|x86 = Release|x86
	EndGlobalSection
	GlobalSection(ProjectConfigurationPlatforms) = postSolution
		{A937DE24-CDE1-4726-B04A-274638B2E83A}.Ad-Hoc|Any CPU.ActiveCfg = Release|Any CPU
		{A937DE24-CDE1-4726-B04A-274638B2E83A}.Ad-Hoc|Any CPU.Build.0 = Release|Any CPU
		{A937DE24-CDE1-4726-B04A-274638B2E83A}.Ad-Hoc|ARM.ActiveCfg = Release|Any CPU
		{A937DE24-CDE1-4726-B04A-274638B2E83A}.Ad-Hoc|ARM.Build.0 = Release|Any CPU
		{A937DE24-CDE1-4726-B04A-274638B2E83A}.Ad-Hoc|iPhone.ActiveCfg = Release|Any CPU
		{A937DE24-CDE1-4726-B04A-274638B2E83A}.Ad-Hoc|iPhone.Build.0 = Release|Any CPU
		{A937DE24-CDE1-4726-B04A-274638B2E83A}.Ad-Hoc|iPhoneSimulator.ActiveCfg = Release|Any CPU
		{A937DE24-CDE1-4726-B04A-274638B2E83A}.Ad-Hoc|iPhoneSimulator.Build.0 = Release|Any CPU
		{A937DE24-CDE1-4726-B04A-274638B2E83A}.Ad-Hoc|x64.ActiveCfg = Release|Any CPU
		{A937DE24-CDE1-4726-B04A-274638B2E83A}.Ad-Hoc|x64.Build.0 = Release|Any CPU
		{A937DE24-CDE1-4726-B04A-274638B2E83A}.Ad-Hoc|x86.ActiveCfg = Release|Any CPU
		{A937DE24-CDE1-4726-B04A-274638B2E83A}.Ad-Hoc|x86.Build.0 = Release|Any CPU
		{A937DE24-CDE1-4726-B04A-274638B2E83A}.AppStore|Any CPU.ActiveCfg = Release|Any CPU
		{A937DE24-CDE1-4726-B04A-274638B2E83A}.AppStore|Any CPU.Build.0 = Release|Any CPU
		{A937DE24-CDE1-4726-B04A-274638B2E83A}.AppStore|ARM.ActiveCfg = Release|Any CPU
		{A937DE24-CDE1-4726-B04A-274638B2E83A}.AppStore|ARM.Build.0 = Release|Any CPU
		{A937DE24-CDE1-4726-B04A-274638B2E83A}.AppStore|iPhone.ActiveCfg = Release|Any CPU
		{A937DE24-CDE1-4726-B04A-274638B2E83A}.AppStore|iPhone.Build.0 = Release|Any CPU
		{A937DE24-CDE1-4726-B04A-274638B2E83A}.AppStore|iPhoneSimulator.ActiveCfg = Release|Any CPU
		{A937DE24-CDE1-4726-B04A-274638B2E83A}.AppStore|iPhoneSimulator.Build.0 = Release|Any CPU
		{A937DE24-CDE1-4726-B04A-274638B2E83A}.AppStore|x64.ActiveCfg = Release|Any CPU
		{A937DE24-CDE1-4726-B04A-274638B2E83A}.AppStore|x64.Build.0 = Release|Any CPU
		{A937DE24-CDE1-4726-B04A-274638B2E83A}.AppStore|x86.ActiveCfg = Release|Any CPU
		{A937DE24-CDE1-4726-B04A-274638B2E83A}.AppStore|x86.Build.0 = Release|Any CPU
		{A937DE24-CDE1-4726-B04A-274638B2E83A}.Debug|Any CPU.ActiveCfg = Debug|Any CPU
		{A937DE24-CDE1-4726-B04A-274638B2E83A}.Debug|Any CPU.Build.0 = Debug|Any CPU
		{A937DE24-CDE1-4726-B04A-274638B2E83A}.Debug|ARM.ActiveCfg = Debug|Any CPU
		{A937DE24-CDE1-4726-B04A-274638B2E83A}.Debug|ARM.Build.0 = Debug|Any CPU
		{A937DE24-CDE1-4726-B04A-274638B2E83A}.Debug|iPhone.ActiveCfg = Debug|Any CPU
		{A937DE24-CDE1-4726-B04A-274638B2E83A}.Debug|iPhone.Build.0 = Debug|Any CPU
		{A937DE24-CDE1-4726-B04A-274638B2E83A}.Debug|iPhoneSimulator.ActiveCfg = Debug|Any CPU
		{A937DE24-CDE1-4726-B04A-274638B2E83A}.Debug|iPhoneSimulator.Build.0 = Debug|Any CPU
		{A937DE24-CDE1-4726-B04A-274638B2E83A}.Debug|x64.ActiveCfg = Debug|Any CPU
		{A937DE24-CDE1-4726-B04A-274638B2E83A}.Debug|x64.Build.0 = Debug|Any CPU
		{A937DE24-CDE1-4726-B04A-274638B2E83A}.Debug|x86.ActiveCfg = Debug|Any CPU
		{A937DE24-CDE1-4726-B04A-274638B2E83A}.Debug|x86.Build.0 = Debug|Any CPU
		{A937DE24-CDE1-4726-B04A-274638B2E83A}.Release|Any CPU.ActiveCfg = Release|Any CPU
		{A937DE24-CDE1-4726-B04A-274638B2E83A}.Release|Any CPU.Build.0 = Release|Any CPU
		{A937DE24-CDE1-4726-B04A-274638B2E83A}.Release|ARM.ActiveCfg = Release|Any CPU
		{A937DE24-CDE1-4726-B04A-274638B2E83A}.Release|ARM.Build.0 = Release|Any CPU
		{A937DE24-CDE1-4726-B04A-274638B2E83A}.Release|iPhone.ActiveCfg = Release|Any CPU
		{A937DE24-CDE1-4726-B04A-274638B2E83A}.Release|iPhone.Build.0 = Release|Any CPU
		{A937DE24-CDE1-4726-B04A-274638B2E83A}.Release|iPhoneSimulator.ActiveCfg = Release|Any CPU
		{A937DE24-CDE1-4726-B04A-274638B2E83A}.Release|iPhoneSimulator.Build.0 = Release|Any CPU
		{A937DE24-CDE1-4726-B04A-274638B2E83A}.Release|x64.ActiveCfg = Release|Any CPU
		{A937DE24-CDE1-4726-B04A-274638B2E83A}.Release|x64.Build.0 = Release|Any CPU
		{A937DE24-CDE1-4726-B04A-274638B2E83A}.Release|x86.ActiveCfg = Release|Any CPU
		{A937DE24-CDE1-4726-B04A-274638B2E83A}.Release|x86.Build.0 = Release|Any CPU
		{2315B808-5515-4540-B44C-AD53184BFF9E}.Ad-Hoc|Any CPU.ActiveCfg = Release|Any CPU
		{2315B808-5515-4540-B44C-AD53184BFF9E}.Ad-Hoc|Any CPU.Build.0 = Release|Any CPU
		{2315B808-5515-4540-B44C-AD53184BFF9E}.Ad-Hoc|ARM.ActiveCfg = Release|Any CPU
		{2315B808-5515-4540-B44C-AD53184BFF9E}.Ad-Hoc|ARM.Build.0 = Release|Any CPU
		{2315B808-5515-4540-B44C-AD53184BFF9E}.Ad-Hoc|iPhone.ActiveCfg = Release|Any CPU
		{2315B808-5515-4540-B44C-AD53184BFF9E}.Ad-Hoc|iPhone.Build.0 = Release|Any CPU
		{2315B808-5515-4540-B44C-AD53184BFF9E}.Ad-Hoc|iPhoneSimulator.ActiveCfg = Release|Any CPU
		{2315B808-5515-4540-B44C-AD53184BFF9E}.Ad-Hoc|iPhoneSimulator.Build.0 = Release|Any CPU
		{2315B808-5515-4540-B44C-AD53184BFF9E}.Ad-Hoc|x64.ActiveCfg = Release|Any CPU
		{2315B808-5515-4540-B44C-AD53184BFF9E}.Ad-Hoc|x64.Build.0 = Release|Any CPU
		{2315B808-5515-4540-B44C-AD53184BFF9E}.Ad-Hoc|x86.ActiveCfg = Release|Any CPU
		{2315B808-5515-4540-B44C-AD53184BFF9E}.Ad-Hoc|x86.Build.0 = Release|Any CPU
		{2315B808-5515-4540-B44C-AD53184BFF9E}.AppStore|Any CPU.ActiveCfg = Release|Any CPU
		{2315B808-5515-4540-B44C-AD53184BFF9E}.AppStore|Any CPU.Build.0 = Release|Any CPU
		{2315B808-5515-4540-B44C-AD53184BFF9E}.AppStore|ARM.ActiveCfg = Release|Any CPU
		{2315B808-5515-4540-B44C-AD53184BFF9E}.AppStore|ARM.Build.0 = Release|Any CPU
		{2315B808-5515-4540-B44C-AD53184BFF9E}.AppStore|iPhone.ActiveCfg = Release|Any CPU
		{2315B808-5515-4540-B44C-AD53184BFF9E}.AppStore|iPhone.Build.0 = Release|Any CPU
		{2315B808-5515-4540-B44C-AD53184BFF9E}.AppStore|iPhoneSimulator.ActiveCfg = Release|Any CPU
		{2315B808-5515-4540-B44C-AD53184BFF9E}.AppStore|iPhoneSimulator.Build.0 = Release|Any CPU
		{2315B808-5515-4540-B44C-AD53184BFF9E}.AppStore|x64.ActiveCfg = Release|Any CPU
		{2315B808-5515-4540-B44C-AD53184BFF9E}.AppStore|x64.Build.0 = Release|Any CPU
		{2315B808-5515-4540-B44C-AD53184BFF9E}.AppStore|x86.ActiveCfg = Release|Any CPU
		{2315B808-5515-4540-B44C-AD53184BFF9E}.AppStore|x86.Build.0 = Release|Any CPU
		{2315B808-5515-4540-B44C-AD53184BFF9E}.Debug|Any CPU.ActiveCfg = Debug|Any CPU
		{2315B808-5515-4540-B44C-AD53184BFF9E}.Debug|Any CPU.Build.0 = Debug|Any CPU
		{2315B808-5515-4540-B44C-AD53184BFF9E}.Debug|ARM.ActiveCfg = Debug|Any CPU
		{2315B808-5515-4540-B44C-AD53184BFF9E}.Debug|ARM.Build.0 = Debug|Any CPU
		{2315B808-5515-4540-B44C-AD53184BFF9E}.Debug|iPhone.ActiveCfg = Debug|Any CPU
		{2315B808-5515-4540-B44C-AD53184BFF9E}.Debug|iPhone.Build.0 = Debug|Any CPU
		{2315B808-5515-4540-B44C-AD53184BFF9E}.Debug|iPhoneSimulator.ActiveCfg = Debug|Any CPU
		{2315B808-5515-4540-B44C-AD53184BFF9E}.Debug|iPhoneSimulator.Build.0 = Debug|Any CPU
		{2315B808-5515-4540-B44C-AD53184BFF9E}.Debug|x64.ActiveCfg = Debug|Any CPU
		{2315B808-5515-4540-B44C-AD53184BFF9E}.Debug|x64.Build.0 = Debug|Any CPU
		{2315B808-5515-4540-B44C-AD53184BFF9E}.Debug|x86.ActiveCfg = Debug|Any CPU
		{2315B808-5515-4540-B44C-AD53184BFF9E}.Debug|x86.Build.0 = Debug|Any CPU
		{2315B808-5515-4540-B44C-AD53184BFF9E}.Release|Any CPU.ActiveCfg = Release|Any CPU
		{2315B808-5515-4540-B44C-AD53184BFF9E}.Release|Any CPU.Build.0 = Release|Any CPU
		{2315B808-5515-4540-B44C-AD53184BFF9E}.Release|ARM.ActiveCfg = Release|Any CPU
		{2315B808-5515-4540-B44C-AD53184BFF9E}.Release|ARM.Build.0 = Release|Any CPU
		{2315B808-5515-4540-B44C-AD53184BFF9E}.Release|iPhone.ActiveCfg = Release|Any CPU
		{2315B808-5515-4540-B44C-AD53184BFF9E}.Release|iPhone.Build.0 = Release|Any CPU
		{2315B808-5515-4540-B44C-AD53184BFF9E}.Release|iPhoneSimulator.ActiveCfg = Release|Any CPU
		{2315B808-5515-4540-B44C-AD53184BFF9E}.Release|iPhoneSimulator.Build.0 = Release|Any CPU
		{2315B808-5515-4540-B44C-AD53184BFF9E}.Release|x64.ActiveCfg = Release|Any CPU
		{2315B808-5515-4540-B44C-AD53184BFF9E}.Release|x64.Build.0 = Release|Any CPU
		{2315B808-5515-4540-B44C-AD53184BFF9E}.Release|x86.ActiveCfg = Release|Any CPU
		{2315B808-5515-4540-B44C-AD53184BFF9E}.Release|x86.Build.0 = Release|Any CPU
		{E63EA8DA-1FF9-4E99-A683-A50737891522}.Ad-Hoc|Any CPU.ActiveCfg = Release|Any CPU
		{E63EA8DA-1FF9-4E99-A683-A50737891522}.Ad-Hoc|Any CPU.Build.0 = Release|Any CPU
		{E63EA8DA-1FF9-4E99-A683-A50737891522}.Ad-Hoc|ARM.ActiveCfg = Release|Any CPU
		{E63EA8DA-1FF9-4E99-A683-A50737891522}.Ad-Hoc|ARM.Build.0 = Release|Any CPU
		{E63EA8DA-1FF9-4E99-A683-A50737891522}.Ad-Hoc|iPhone.ActiveCfg = Release|Any CPU
		{E63EA8DA-1FF9-4E99-A683-A50737891522}.Ad-Hoc|iPhone.Build.0 = Release|Any CPU
		{E63EA8DA-1FF9-4E99-A683-A50737891522}.Ad-Hoc|iPhoneSimulator.ActiveCfg = Release|Any CPU
		{E63EA8DA-1FF9-4E99-A683-A50737891522}.Ad-Hoc|iPhoneSimulator.Build.0 = Release|Any CPU
		{E63EA8DA-1FF9-4E99-A683-A50737891522}.Ad-Hoc|x64.ActiveCfg = Release|Any CPU
		{E63EA8DA-1FF9-4E99-A683-A50737891522}.Ad-Hoc|x64.Build.0 = Release|Any CPU
		{E63EA8DA-1FF9-4E99-A683-A50737891522}.Ad-Hoc|x86.ActiveCfg = Release|Any CPU
		{E63EA8DA-1FF9-4E99-A683-A50737891522}.Ad-Hoc|x86.Build.0 = Release|Any CPU
		{E63EA8DA-1FF9-4E99-A683-A50737891522}.AppStore|Any CPU.ActiveCfg = Release|Any CPU
		{E63EA8DA-1FF9-4E99-A683-A50737891522}.AppStore|Any CPU.Build.0 = Release|Any CPU
		{E63EA8DA-1FF9-4E99-A683-A50737891522}.AppStore|ARM.ActiveCfg = Release|Any CPU
		{E63EA8DA-1FF9-4E99-A683-A50737891522}.AppStore|ARM.Build.0 = Release|Any CPU
		{E63EA8DA-1FF9-4E99-A683-A50737891522}.AppStore|iPhone.ActiveCfg = Release|Any CPU
		{E63EA8DA-1FF9-4E99-A683-A50737891522}.AppStore|iPhone.Build.0 = Release|Any CPU
		{E63EA8DA-1FF9-4E99-A683-A50737891522}.AppStore|iPhoneSimulator.ActiveCfg = Release|Any CPU
		{E63EA8DA-1FF9-4E99-A683-A50737891522}.AppStore|iPhoneSimulator.Build.0 = Release|Any CPU
		{E63EA8DA-1FF9-4E99-A683-A50737891522}.AppStore|x64.ActiveCfg = Release|Any CPU
		{E63EA8DA-1FF9-4E99-A683-A50737891522}.AppStore|x64.Build.0 = Release|Any CPU
		{E63EA8DA-1FF9-4E99-A683-A50737891522}.AppStore|x86.ActiveCfg = Release|Any CPU
		{E63EA8DA-1FF9-4E99-A683-A50737891522}.AppStore|x86.Build.0 = Release|Any CPU
		{E63EA8DA-1FF9-4E99-A683-A50737891522}.Debug|Any CPU.ActiveCfg = Debug|Any CPU
		{E63EA8DA-1FF9-4E99-A683-A50737891522}.Debug|Any CPU.Build.0 = Debug|Any CPU
		{E63EA8DA-1FF9-4E99-A683-A50737891522}.Debug|ARM.ActiveCfg = Debug|Any CPU
		{E63EA8DA-1FF9-4E99-A683-A50737891522}.Debug|ARM.Build.0 = Debug|Any CPU
		{E63EA8DA-1FF9-4E99-A683-A50737891522}.Debug|iPhone.ActiveCfg = Debug|Any CPU
		{E63EA8DA-1FF9-4E99-A683-A50737891522}.Debug|iPhone.Build.0 = Debug|Any CPU
		{E63EA8DA-1FF9-4E99-A683-A50737891522}.Debug|iPhoneSimulator.ActiveCfg = Debug|Any CPU
		{E63EA8DA-1FF9-4E99-A683-A50737891522}.Debug|iPhoneSimulator.Build.0 = Debug|Any CPU
		{E63EA8DA-1FF9-4E99-A683-A50737891522}.Debug|x64.ActiveCfg = Debug|Any CPU
		{E63EA8DA-1FF9-4E99-A683-A50737891522}.Debug|x64.Build.0 = Debug|Any CPU
		{E63EA8DA-1FF9-4E99-A683-A50737891522}.Debug|x86.ActiveCfg = Debug|Any CPU
		{E63EA8DA-1FF9-4E99-A683-A50737891522}.Debug|x86.Build.0 = Debug|Any CPU
		{E63EA8DA-1FF9-4E99-A683-A50737891522}.Release|Any CPU.ActiveCfg = Release|Any CPU
		{E63EA8DA-1FF9-4E99-A683-A50737891522}.Release|Any CPU.Build.0 = Release|Any CPU
		{E63EA8DA-1FF9-4E99-A683-A50737891522}.Release|ARM.ActiveCfg = Release|Any CPU
		{E63EA8DA-1FF9-4E99-A683-A50737891522}.Release|ARM.Build.0 = Release|Any CPU
		{E63EA8DA-1FF9-4E99-A683-A50737891522}.Release|iPhone.ActiveCfg = Release|Any CPU
		{E63EA8DA-1FF9-4E99-A683-A50737891522}.Release|iPhone.Build.0 = Release|Any CPU
		{E63EA8DA-1FF9-4E99-A683-A50737891522}.Release|iPhoneSimulator.ActiveCfg = Release|Any CPU
		{E63EA8DA-1FF9-4E99-A683-A50737891522}.Release|iPhoneSimulator.Build.0 = Release|Any CPU
		{E63EA8DA-1FF9-4E99-A683-A50737891522}.Release|x64.ActiveCfg = Release|Any CPU
		{E63EA8DA-1FF9-4E99-A683-A50737891522}.Release|x64.Build.0 = Release|Any CPU
		{E63EA8DA-1FF9-4E99-A683-A50737891522}.Release|x86.ActiveCfg = Release|Any CPU
		{E63EA8DA-1FF9-4E99-A683-A50737891522}.Release|x86.Build.0 = Release|Any CPU
		{15CC7322-E480-498D-918A-0984524EE98C}.Ad-Hoc|Any CPU.ActiveCfg = Release|Any CPU
		{15CC7322-E480-498D-918A-0984524EE98C}.Ad-Hoc|Any CPU.Build.0 = Release|Any CPU
		{15CC7322-E480-498D-918A-0984524EE98C}.Ad-Hoc|ARM.ActiveCfg = Release|Any CPU
		{15CC7322-E480-498D-918A-0984524EE98C}.Ad-Hoc|ARM.Build.0 = Release|Any CPU
		{15CC7322-E480-498D-918A-0984524EE98C}.Ad-Hoc|iPhone.ActiveCfg = Release|Any CPU
		{15CC7322-E480-498D-918A-0984524EE98C}.Ad-Hoc|iPhone.Build.0 = Release|Any CPU
		{15CC7322-E480-498D-918A-0984524EE98C}.Ad-Hoc|iPhoneSimulator.ActiveCfg = Release|Any CPU
		{15CC7322-E480-498D-918A-0984524EE98C}.Ad-Hoc|iPhoneSimulator.Build.0 = Release|Any CPU
		{15CC7322-E480-498D-918A-0984524EE98C}.Ad-Hoc|x64.ActiveCfg = Release|Any CPU
		{15CC7322-E480-498D-918A-0984524EE98C}.Ad-Hoc|x64.Build.0 = Release|Any CPU
		{15CC7322-E480-498D-918A-0984524EE98C}.Ad-Hoc|x86.ActiveCfg = Release|Any CPU
		{15CC7322-E480-498D-918A-0984524EE98C}.Ad-Hoc|x86.Build.0 = Release|Any CPU
		{15CC7322-E480-498D-918A-0984524EE98C}.AppStore|Any CPU.ActiveCfg = Release|Any CPU
		{15CC7322-E480-498D-918A-0984524EE98C}.AppStore|Any CPU.Build.0 = Release|Any CPU
		{15CC7322-E480-498D-918A-0984524EE98C}.AppStore|ARM.ActiveCfg = Release|Any CPU
		{15CC7322-E480-498D-918A-0984524EE98C}.AppStore|ARM.Build.0 = Release|Any CPU
		{15CC7322-E480-498D-918A-0984524EE98C}.AppStore|iPhone.ActiveCfg = Release|Any CPU
		{15CC7322-E480-498D-918A-0984524EE98C}.AppStore|iPhone.Build.0 = Release|Any CPU
		{15CC7322-E480-498D-918A-0984524EE98C}.AppStore|iPhoneSimulator.ActiveCfg = Release|Any CPU
		{15CC7322-E480-498D-918A-0984524EE98C}.AppStore|iPhoneSimulator.Build.0 = Release|Any CPU
		{15CC7322-E480-498D-918A-0984524EE98C}.AppStore|x64.ActiveCfg = Release|Any CPU
		{15CC7322-E480-498D-918A-0984524EE98C}.AppStore|x64.Build.0 = Release|Any CPU
		{15CC7322-E480-498D-918A-0984524EE98C}.AppStore|x86.ActiveCfg = Release|Any CPU
		{15CC7322-E480-498D-918A-0984524EE98C}.AppStore|x86.Build.0 = Release|Any CPU
		{15CC7322-E480-498D-918A-0984524EE98C}.Debug|Any CPU.ActiveCfg = Debug|Any CPU
		{15CC7322-E480-498D-918A-0984524EE98C}.Debug|Any CPU.Build.0 = Debug|Any CPU
		{15CC7322-E480-498D-918A-0984524EE98C}.Debug|ARM.ActiveCfg = Debug|Any CPU
		{15CC7322-E480-498D-918A-0984524EE98C}.Debug|ARM.Build.0 = Debug|Any CPU
		{15CC7322-E480-498D-918A-0984524EE98C}.Debug|iPhone.ActiveCfg = Debug|Any CPU
		{15CC7322-E480-498D-918A-0984524EE98C}.Debug|iPhone.Build.0 = Debug|Any CPU
		{15CC7322-E480-498D-918A-0984524EE98C}.Debug|iPhoneSimulator.ActiveCfg = Debug|Any CPU
		{15CC7322-E480-498D-918A-0984524EE98C}.Debug|iPhoneSimulator.Build.0 = Debug|Any CPU
		{15CC7322-E480-498D-918A-0984524EE98C}.Debug|x64.ActiveCfg = Debug|Any CPU
		{15CC7322-E480-498D-918A-0984524EE98C}.Debug|x64.Build.0 = Debug|Any CPU
		{15CC7322-E480-498D-918A-0984524EE98C}.Debug|x86.ActiveCfg = Debug|Any CPU
		{15CC7322-E480-498D-918A-0984524EE98C}.Debug|x86.Build.0 = Debug|Any CPU
		{15CC7322-E480-498D-918A-0984524EE98C}.Release|Any CPU.ActiveCfg = Release|Any CPU
		{15CC7322-E480-498D-918A-0984524EE98C}.Release|Any CPU.Build.0 = Release|Any CPU
		{15CC7322-E480-498D-918A-0984524EE98C}.Release|ARM.ActiveCfg = Release|Any CPU
		{15CC7322-E480-498D-918A-0984524EE98C}.Release|ARM.Build.0 = Release|Any CPU
		{15CC7322-E480-498D-918A-0984524EE98C}.Release|iPhone.ActiveCfg = Release|Any CPU
		{15CC7322-E480-498D-918A-0984524EE98C}.Release|iPhone.Build.0 = Release|Any CPU
		{15CC7322-E480-498D-918A-0984524EE98C}.Release|iPhoneSimulator.ActiveCfg = Release|Any CPU
		{15CC7322-E480-498D-918A-0984524EE98C}.Release|iPhoneSimulator.Build.0 = Release|Any CPU
		{15CC7322-E480-498D-918A-0984524EE98C}.Release|x64.ActiveCfg = Release|Any CPU
		{15CC7322-E480-498D-918A-0984524EE98C}.Release|x64.Build.0 = Release|Any CPU
		{15CC7322-E480-498D-918A-0984524EE98C}.Release|x86.ActiveCfg = Release|Any CPU
		{15CC7322-E480-498D-918A-0984524EE98C}.Release|x86.Build.0 = Release|Any CPU
		{447A639B-5DCA-4435-A6C9-D76EB137BF1E}.Ad-Hoc|Any CPU.ActiveCfg = Release|Any CPU
		{447A639B-5DCA-4435-A6C9-D76EB137BF1E}.Ad-Hoc|Any CPU.Build.0 = Release|Any CPU
		{447A639B-5DCA-4435-A6C9-D76EB137BF1E}.Ad-Hoc|Any CPU.Deploy.0 = Release|Any CPU
		{447A639B-5DCA-4435-A6C9-D76EB137BF1E}.Ad-Hoc|ARM.ActiveCfg = Release|Any CPU
		{447A639B-5DCA-4435-A6C9-D76EB137BF1E}.Ad-Hoc|ARM.Build.0 = Release|Any CPU
		{447A639B-5DCA-4435-A6C9-D76EB137BF1E}.Ad-Hoc|ARM.Deploy.0 = Release|Any CPU
		{447A639B-5DCA-4435-A6C9-D76EB137BF1E}.Ad-Hoc|iPhone.ActiveCfg = Release|Any CPU
		{447A639B-5DCA-4435-A6C9-D76EB137BF1E}.Ad-Hoc|iPhone.Build.0 = Release|Any CPU
		{447A639B-5DCA-4435-A6C9-D76EB137BF1E}.Ad-Hoc|iPhone.Deploy.0 = Release|Any CPU
		{447A639B-5DCA-4435-A6C9-D76EB137BF1E}.Ad-Hoc|iPhoneSimulator.ActiveCfg = Release|Any CPU
		{447A639B-5DCA-4435-A6C9-D76EB137BF1E}.Ad-Hoc|iPhoneSimulator.Build.0 = Release|Any CPU
		{447A639B-5DCA-4435-A6C9-D76EB137BF1E}.Ad-Hoc|iPhoneSimulator.Deploy.0 = Release|Any CPU
		{447A639B-5DCA-4435-A6C9-D76EB137BF1E}.Ad-Hoc|x64.ActiveCfg = Release|Any CPU
		{447A639B-5DCA-4435-A6C9-D76EB137BF1E}.Ad-Hoc|x64.Build.0 = Release|Any CPU
		{447A639B-5DCA-4435-A6C9-D76EB137BF1E}.Ad-Hoc|x64.Deploy.0 = Release|Any CPU
		{447A639B-5DCA-4435-A6C9-D76EB137BF1E}.Ad-Hoc|x86.ActiveCfg = Release|Any CPU
		{447A639B-5DCA-4435-A6C9-D76EB137BF1E}.Ad-Hoc|x86.Build.0 = Release|Any CPU
		{447A639B-5DCA-4435-A6C9-D76EB137BF1E}.Ad-Hoc|x86.Deploy.0 = Release|Any CPU
		{447A639B-5DCA-4435-A6C9-D76EB137BF1E}.AppStore|Any CPU.ActiveCfg = Release|Any CPU
		{447A639B-5DCA-4435-A6C9-D76EB137BF1E}.AppStore|Any CPU.Build.0 = Release|Any CPU
		{447A639B-5DCA-4435-A6C9-D76EB137BF1E}.AppStore|Any CPU.Deploy.0 = Release|Any CPU
		{447A639B-5DCA-4435-A6C9-D76EB137BF1E}.AppStore|ARM.ActiveCfg = Release|Any CPU
		{447A639B-5DCA-4435-A6C9-D76EB137BF1E}.AppStore|ARM.Build.0 = Release|Any CPU
		{447A639B-5DCA-4435-A6C9-D76EB137BF1E}.AppStore|ARM.Deploy.0 = Release|Any CPU
		{447A639B-5DCA-4435-A6C9-D76EB137BF1E}.AppStore|iPhone.ActiveCfg = Release|Any CPU
		{447A639B-5DCA-4435-A6C9-D76EB137BF1E}.AppStore|iPhone.Build.0 = Release|Any CPU
		{447A639B-5DCA-4435-A6C9-D76EB137BF1E}.AppStore|iPhone.Deploy.0 = Release|Any CPU
		{447A639B-5DCA-4435-A6C9-D76EB137BF1E}.AppStore|iPhoneSimulator.ActiveCfg = Release|Any CPU
		{447A639B-5DCA-4435-A6C9-D76EB137BF1E}.AppStore|iPhoneSimulator.Build.0 = Release|Any CPU
		{447A639B-5DCA-4435-A6C9-D76EB137BF1E}.AppStore|iPhoneSimulator.Deploy.0 = Release|Any CPU
		{447A639B-5DCA-4435-A6C9-D76EB137BF1E}.AppStore|x64.ActiveCfg = Release|Any CPU
		{447A639B-5DCA-4435-A6C9-D76EB137BF1E}.AppStore|x64.Build.0 = Release|Any CPU
		{447A639B-5DCA-4435-A6C9-D76EB137BF1E}.AppStore|x64.Deploy.0 = Release|Any CPU
		{447A639B-5DCA-4435-A6C9-D76EB137BF1E}.AppStore|x86.ActiveCfg = Release|Any CPU
		{447A639B-5DCA-4435-A6C9-D76EB137BF1E}.AppStore|x86.Build.0 = Release|Any CPU
		{447A639B-5DCA-4435-A6C9-D76EB137BF1E}.AppStore|x86.Deploy.0 = Release|Any CPU
		{447A639B-5DCA-4435-A6C9-D76EB137BF1E}.Debug|Any CPU.ActiveCfg = Debug|Any CPU
		{447A639B-5DCA-4435-A6C9-D76EB137BF1E}.Debug|Any CPU.Build.0 = Debug|Any CPU
		{447A639B-5DCA-4435-A6C9-D76EB137BF1E}.Debug|Any CPU.Deploy.0 = Debug|Any CPU
		{447A639B-5DCA-4435-A6C9-D76EB137BF1E}.Debug|ARM.ActiveCfg = Debug|Any CPU
		{447A639B-5DCA-4435-A6C9-D76EB137BF1E}.Debug|ARM.Build.0 = Debug|Any CPU
		{447A639B-5DCA-4435-A6C9-D76EB137BF1E}.Debug|ARM.Deploy.0 = Debug|Any CPU
		{447A639B-5DCA-4435-A6C9-D76EB137BF1E}.Debug|iPhone.ActiveCfg = Debug|Any CPU
		{447A639B-5DCA-4435-A6C9-D76EB137BF1E}.Debug|iPhone.Build.0 = Debug|Any CPU
		{447A639B-5DCA-4435-A6C9-D76EB137BF1E}.Debug|iPhone.Deploy.0 = Debug|Any CPU
		{447A639B-5DCA-4435-A6C9-D76EB137BF1E}.Debug|iPhoneSimulator.ActiveCfg = Debug|Any CPU
		{447A639B-5DCA-4435-A6C9-D76EB137BF1E}.Debug|iPhoneSimulator.Build.0 = Debug|Any CPU
		{447A639B-5DCA-4435-A6C9-D76EB137BF1E}.Debug|iPhoneSimulator.Deploy.0 = Debug|Any CPU
		{447A639B-5DCA-4435-A6C9-D76EB137BF1E}.Debug|x64.ActiveCfg = Debug|Any CPU
		{447A639B-5DCA-4435-A6C9-D76EB137BF1E}.Debug|x64.Build.0 = Debug|Any CPU
		{447A639B-5DCA-4435-A6C9-D76EB137BF1E}.Debug|x64.Deploy.0 = Debug|Any CPU
		{447A639B-5DCA-4435-A6C9-D76EB137BF1E}.Debug|x86.ActiveCfg = Debug|Any CPU
		{447A639B-5DCA-4435-A6C9-D76EB137BF1E}.Debug|x86.Build.0 = Debug|Any CPU
		{447A639B-5DCA-4435-A6C9-D76EB137BF1E}.Debug|x86.Deploy.0 = Debug|Any CPU
		{447A639B-5DCA-4435-A6C9-D76EB137BF1E}.Release|Any CPU.ActiveCfg = Release|Any CPU
		{447A639B-5DCA-4435-A6C9-D76EB137BF1E}.Release|Any CPU.Build.0 = Release|Any CPU
		{447A639B-5DCA-4435-A6C9-D76EB137BF1E}.Release|Any CPU.Deploy.0 = Release|Any CPU
		{447A639B-5DCA-4435-A6C9-D76EB137BF1E}.Release|ARM.ActiveCfg = Release|Any CPU
		{447A639B-5DCA-4435-A6C9-D76EB137BF1E}.Release|ARM.Build.0 = Release|Any CPU
		{447A639B-5DCA-4435-A6C9-D76EB137BF1E}.Release|ARM.Deploy.0 = Release|Any CPU
		{447A639B-5DCA-4435-A6C9-D76EB137BF1E}.Release|iPhone.ActiveCfg = Release|Any CPU
		{447A639B-5DCA-4435-A6C9-D76EB137BF1E}.Release|iPhone.Build.0 = Release|Any CPU
		{447A639B-5DCA-4435-A6C9-D76EB137BF1E}.Release|iPhone.Deploy.0 = Release|Any CPU
		{447A639B-5DCA-4435-A6C9-D76EB137BF1E}.Release|iPhoneSimulator.ActiveCfg = Release|Any CPU
		{447A639B-5DCA-4435-A6C9-D76EB137BF1E}.Release|iPhoneSimulator.Build.0 = Release|Any CPU
		{447A639B-5DCA-4435-A6C9-D76EB137BF1E}.Release|iPhoneSimulator.Deploy.0 = Release|Any CPU
		{447A639B-5DCA-4435-A6C9-D76EB137BF1E}.Release|x64.ActiveCfg = Release|Any CPU
		{447A639B-5DCA-4435-A6C9-D76EB137BF1E}.Release|x64.Build.0 = Release|Any CPU
		{447A639B-5DCA-4435-A6C9-D76EB137BF1E}.Release|x64.Deploy.0 = Release|Any CPU
		{447A639B-5DCA-4435-A6C9-D76EB137BF1E}.Release|x86.ActiveCfg = Release|Any CPU
		{447A639B-5DCA-4435-A6C9-D76EB137BF1E}.Release|x86.Build.0 = Release|Any CPU
		{447A639B-5DCA-4435-A6C9-D76EB137BF1E}.Release|x86.Deploy.0 = Release|Any CPU
		{3B041265-8025-43CE-B565-8A9A13CF7EAB}.Ad-Hoc|Any CPU.ActiveCfg = Release|Any CPU
		{3B041265-8025-43CE-B565-8A9A13CF7EAB}.Ad-Hoc|Any CPU.Build.0 = Release|Any CPU
		{3B041265-8025-43CE-B565-8A9A13CF7EAB}.Ad-Hoc|ARM.ActiveCfg = Release|Any CPU
		{3B041265-8025-43CE-B565-8A9A13CF7EAB}.Ad-Hoc|ARM.Build.0 = Release|Any CPU
		{3B041265-8025-43CE-B565-8A9A13CF7EAB}.Ad-Hoc|iPhone.ActiveCfg = Release|Any CPU
		{3B041265-8025-43CE-B565-8A9A13CF7EAB}.Ad-Hoc|iPhone.Build.0 = Release|Any CPU
		{3B041265-8025-43CE-B565-8A9A13CF7EAB}.Ad-Hoc|iPhoneSimulator.ActiveCfg = Release|Any CPU
		{3B041265-8025-43CE-B565-8A9A13CF7EAB}.Ad-Hoc|iPhoneSimulator.Build.0 = Release|Any CPU
		{3B041265-8025-43CE-B565-8A9A13CF7EAB}.Ad-Hoc|x64.ActiveCfg = Release|Any CPU
		{3B041265-8025-43CE-B565-8A9A13CF7EAB}.Ad-Hoc|x64.Build.0 = Release|Any CPU
		{3B041265-8025-43CE-B565-8A9A13CF7EAB}.Ad-Hoc|x86.ActiveCfg = Release|Any CPU
		{3B041265-8025-43CE-B565-8A9A13CF7EAB}.Ad-Hoc|x86.Build.0 = Release|Any CPU
		{3B041265-8025-43CE-B565-8A9A13CF7EAB}.AppStore|Any CPU.ActiveCfg = Release|Any CPU
		{3B041265-8025-43CE-B565-8A9A13CF7EAB}.AppStore|Any CPU.Build.0 = Release|Any CPU
		{3B041265-8025-43CE-B565-8A9A13CF7EAB}.AppStore|ARM.ActiveCfg = Release|Any CPU
		{3B041265-8025-43CE-B565-8A9A13CF7EAB}.AppStore|ARM.Build.0 = Release|Any CPU
		{3B041265-8025-43CE-B565-8A9A13CF7EAB}.AppStore|iPhone.ActiveCfg = Release|Any CPU
		{3B041265-8025-43CE-B565-8A9A13CF7EAB}.AppStore|iPhone.Build.0 = Release|Any CPU
		{3B041265-8025-43CE-B565-8A9A13CF7EAB}.AppStore|iPhoneSimulator.ActiveCfg = Release|Any CPU
		{3B041265-8025-43CE-B565-8A9A13CF7EAB}.AppStore|iPhoneSimulator.Build.0 = Release|Any CPU
		{3B041265-8025-43CE-B565-8A9A13CF7EAB}.AppStore|x64.ActiveCfg = Release|Any CPU
		{3B041265-8025-43CE-B565-8A9A13CF7EAB}.AppStore|x64.Build.0 = Release|Any CPU
		{3B041265-8025-43CE-B565-8A9A13CF7EAB}.AppStore|x86.ActiveCfg = Release|Any CPU
		{3B041265-8025-43CE-B565-8A9A13CF7EAB}.AppStore|x86.Build.0 = Release|Any CPU
		{3B041265-8025-43CE-B565-8A9A13CF7EAB}.Debug|Any CPU.ActiveCfg = Debug|Any CPU
		{3B041265-8025-43CE-B565-8A9A13CF7EAB}.Debug|Any CPU.Build.0 = Debug|Any CPU
		{3B041265-8025-43CE-B565-8A9A13CF7EAB}.Debug|ARM.ActiveCfg = Debug|Any CPU
		{3B041265-8025-43CE-B565-8A9A13CF7EAB}.Debug|ARM.Build.0 = Debug|Any CPU
		{3B041265-8025-43CE-B565-8A9A13CF7EAB}.Debug|iPhone.ActiveCfg = Debug|Any CPU
		{3B041265-8025-43CE-B565-8A9A13CF7EAB}.Debug|iPhone.Build.0 = Debug|Any CPU
		{3B041265-8025-43CE-B565-8A9A13CF7EAB}.Debug|iPhoneSimulator.ActiveCfg = Debug|Any CPU
		{3B041265-8025-43CE-B565-8A9A13CF7EAB}.Debug|iPhoneSimulator.Build.0 = Debug|Any CPU
		{3B041265-8025-43CE-B565-8A9A13CF7EAB}.Debug|x64.ActiveCfg = Debug|Any CPU
		{3B041265-8025-43CE-B565-8A9A13CF7EAB}.Debug|x64.Build.0 = Debug|Any CPU
		{3B041265-8025-43CE-B565-8A9A13CF7EAB}.Debug|x86.ActiveCfg = Debug|Any CPU
		{3B041265-8025-43CE-B565-8A9A13CF7EAB}.Debug|x86.Build.0 = Debug|Any CPU
		{3B041265-8025-43CE-B565-8A9A13CF7EAB}.Release|Any CPU.ActiveCfg = Release|Any CPU
		{3B041265-8025-43CE-B565-8A9A13CF7EAB}.Release|Any CPU.Build.0 = Release|Any CPU
		{3B041265-8025-43CE-B565-8A9A13CF7EAB}.Release|ARM.ActiveCfg = Release|Any CPU
		{3B041265-8025-43CE-B565-8A9A13CF7EAB}.Release|ARM.Build.0 = Release|Any CPU
		{3B041265-8025-43CE-B565-8A9A13CF7EAB}.Release|iPhone.ActiveCfg = Release|Any CPU
		{3B041265-8025-43CE-B565-8A9A13CF7EAB}.Release|iPhone.Build.0 = Release|Any CPU
		{3B041265-8025-43CE-B565-8A9A13CF7EAB}.Release|iPhoneSimulator.ActiveCfg = Release|Any CPU
		{3B041265-8025-43CE-B565-8A9A13CF7EAB}.Release|iPhoneSimulator.Build.0 = Release|Any CPU
		{3B041265-8025-43CE-B565-8A9A13CF7EAB}.Release|x64.ActiveCfg = Release|Any CPU
		{3B041265-8025-43CE-B565-8A9A13CF7EAB}.Release|x64.Build.0 = Release|Any CPU
		{3B041265-8025-43CE-B565-8A9A13CF7EAB}.Release|x86.ActiveCfg = Release|Any CPU
		{3B041265-8025-43CE-B565-8A9A13CF7EAB}.Release|x86.Build.0 = Release|Any CPU
		{FB360ED3-62FD-4272-9EA1-8ED148CA5C25}.Ad-Hoc|Any CPU.ActiveCfg = Release|x86
		{FB360ED3-62FD-4272-9EA1-8ED148CA5C25}.Ad-Hoc|Any CPU.Build.0 = Release|x86
		{FB360ED3-62FD-4272-9EA1-8ED148CA5C25}.Ad-Hoc|Any CPU.Deploy.0 = Release|x86
		{FB360ED3-62FD-4272-9EA1-8ED148CA5C25}.Ad-Hoc|ARM.ActiveCfg = Release|ARM
		{FB360ED3-62FD-4272-9EA1-8ED148CA5C25}.Ad-Hoc|ARM.Build.0 = Release|ARM
		{FB360ED3-62FD-4272-9EA1-8ED148CA5C25}.Ad-Hoc|ARM.Deploy.0 = Release|ARM
		{FB360ED3-62FD-4272-9EA1-8ED148CA5C25}.Ad-Hoc|iPhone.ActiveCfg = Release|x86
		{FB360ED3-62FD-4272-9EA1-8ED148CA5C25}.Ad-Hoc|iPhone.Build.0 = Release|x86
		{FB360ED3-62FD-4272-9EA1-8ED148CA5C25}.Ad-Hoc|iPhone.Deploy.0 = Release|x86
		{FB360ED3-62FD-4272-9EA1-8ED148CA5C25}.Ad-Hoc|iPhoneSimulator.ActiveCfg = Release|x86
		{FB360ED3-62FD-4272-9EA1-8ED148CA5C25}.Ad-Hoc|iPhoneSimulator.Build.0 = Release|x86
		{FB360ED3-62FD-4272-9EA1-8ED148CA5C25}.Ad-Hoc|iPhoneSimulator.Deploy.0 = Release|x86
		{FB360ED3-62FD-4272-9EA1-8ED148CA5C25}.Ad-Hoc|x64.ActiveCfg = Release|x64
		{FB360ED3-62FD-4272-9EA1-8ED148CA5C25}.Ad-Hoc|x64.Build.0 = Release|x64
		{FB360ED3-62FD-4272-9EA1-8ED148CA5C25}.Ad-Hoc|x64.Deploy.0 = Release|x64
		{FB360ED3-62FD-4272-9EA1-8ED148CA5C25}.Ad-Hoc|x86.ActiveCfg = Release|x86
		{FB360ED3-62FD-4272-9EA1-8ED148CA5C25}.Ad-Hoc|x86.Build.0 = Release|x86
		{FB360ED3-62FD-4272-9EA1-8ED148CA5C25}.Ad-Hoc|x86.Deploy.0 = Release|x86
		{FB360ED3-62FD-4272-9EA1-8ED148CA5C25}.AppStore|Any CPU.ActiveCfg = Release|x86
		{FB360ED3-62FD-4272-9EA1-8ED148CA5C25}.AppStore|Any CPU.Build.0 = Release|x86
		{FB360ED3-62FD-4272-9EA1-8ED148CA5C25}.AppStore|Any CPU.Deploy.0 = Release|x86
		{FB360ED3-62FD-4272-9EA1-8ED148CA5C25}.AppStore|ARM.ActiveCfg = Release|ARM
		{FB360ED3-62FD-4272-9EA1-8ED148CA5C25}.AppStore|ARM.Build.0 = Release|ARM
		{FB360ED3-62FD-4272-9EA1-8ED148CA5C25}.AppStore|ARM.Deploy.0 = Release|ARM
		{FB360ED3-62FD-4272-9EA1-8ED148CA5C25}.AppStore|iPhone.ActiveCfg = Release|x86
		{FB360ED3-62FD-4272-9EA1-8ED148CA5C25}.AppStore|iPhone.Build.0 = Release|x86
		{FB360ED3-62FD-4272-9EA1-8ED148CA5C25}.AppStore|iPhone.Deploy.0 = Release|x86
		{FB360ED3-62FD-4272-9EA1-8ED148CA5C25}.AppStore|iPhoneSimulator.ActiveCfg = Release|x86
		{FB360ED3-62FD-4272-9EA1-8ED148CA5C25}.AppStore|iPhoneSimulator.Build.0 = Release|x86
		{FB360ED3-62FD-4272-9EA1-8ED148CA5C25}.AppStore|iPhoneSimulator.Deploy.0 = Release|x86
		{FB360ED3-62FD-4272-9EA1-8ED148CA5C25}.AppStore|x64.ActiveCfg = Release|x64
		{FB360ED3-62FD-4272-9EA1-8ED148CA5C25}.AppStore|x64.Build.0 = Release|x64
		{FB360ED3-62FD-4272-9EA1-8ED148CA5C25}.AppStore|x64.Deploy.0 = Release|x64
		{FB360ED3-62FD-4272-9EA1-8ED148CA5C25}.AppStore|x86.ActiveCfg = Release|x86
		{FB360ED3-62FD-4272-9EA1-8ED148CA5C25}.AppStore|x86.Build.0 = Release|x86
		{FB360ED3-62FD-4272-9EA1-8ED148CA5C25}.AppStore|x86.Deploy.0 = Release|x86
		{FB360ED3-62FD-4272-9EA1-8ED148CA5C25}.Debug|Any CPU.ActiveCfg = Debug|x86
		{FB360ED3-62FD-4272-9EA1-8ED148CA5C25}.Debug|ARM.ActiveCfg = Debug|ARM
		{FB360ED3-62FD-4272-9EA1-8ED148CA5C25}.Debug|ARM.Build.0 = Debug|ARM
		{FB360ED3-62FD-4272-9EA1-8ED148CA5C25}.Debug|ARM.Deploy.0 = Debug|ARM
		{FB360ED3-62FD-4272-9EA1-8ED148CA5C25}.Debug|iPhone.ActiveCfg = Debug|x86
		{FB360ED3-62FD-4272-9EA1-8ED148CA5C25}.Debug|iPhoneSimulator.ActiveCfg = Debug|x86
		{FB360ED3-62FD-4272-9EA1-8ED148CA5C25}.Debug|x64.ActiveCfg = Debug|x64
		{FB360ED3-62FD-4272-9EA1-8ED148CA5C25}.Debug|x64.Build.0 = Debug|x64
		{FB360ED3-62FD-4272-9EA1-8ED148CA5C25}.Debug|x64.Deploy.0 = Debug|x64
		{FB360ED3-62FD-4272-9EA1-8ED148CA5C25}.Debug|x86.ActiveCfg = Debug|x86
		{FB360ED3-62FD-4272-9EA1-8ED148CA5C25}.Debug|x86.Build.0 = Debug|x86
		{FB360ED3-62FD-4272-9EA1-8ED148CA5C25}.Debug|x86.Deploy.0 = Debug|x86
		{FB360ED3-62FD-4272-9EA1-8ED148CA5C25}.Release|Any CPU.ActiveCfg = Release|x86
		{FB360ED3-62FD-4272-9EA1-8ED148CA5C25}.Release|ARM.ActiveCfg = Release|ARM
		{FB360ED3-62FD-4272-9EA1-8ED148CA5C25}.Release|ARM.Build.0 = Release|ARM
		{FB360ED3-62FD-4272-9EA1-8ED148CA5C25}.Release|ARM.Deploy.0 = Release|ARM
		{FB360ED3-62FD-4272-9EA1-8ED148CA5C25}.Release|iPhone.ActiveCfg = Release|x86
		{FB360ED3-62FD-4272-9EA1-8ED148CA5C25}.Release|iPhoneSimulator.ActiveCfg = Release|x86
		{FB360ED3-62FD-4272-9EA1-8ED148CA5C25}.Release|x64.ActiveCfg = Release|x64
		{FB360ED3-62FD-4272-9EA1-8ED148CA5C25}.Release|x64.Build.0 = Release|x64
		{FB360ED3-62FD-4272-9EA1-8ED148CA5C25}.Release|x64.Deploy.0 = Release|x64
		{FB360ED3-62FD-4272-9EA1-8ED148CA5C25}.Release|x86.ActiveCfg = Release|x86
		{FB360ED3-62FD-4272-9EA1-8ED148CA5C25}.Release|x86.Build.0 = Release|x86
		{FB360ED3-62FD-4272-9EA1-8ED148CA5C25}.Release|x86.Deploy.0 = Release|x86
		{3FE3B82E-8780-4A11-B4C7-EB843656FD23}.Ad-Hoc|Any CPU.ActiveCfg = Ad-Hoc|iPhone
		{3FE3B82E-8780-4A11-B4C7-EB843656FD23}.Ad-Hoc|ARM.ActiveCfg = Ad-Hoc|iPhone
		{3FE3B82E-8780-4A11-B4C7-EB843656FD23}.Ad-Hoc|iPhone.ActiveCfg = Ad-Hoc|iPhone
		{3FE3B82E-8780-4A11-B4C7-EB843656FD23}.Ad-Hoc|iPhone.Build.0 = Ad-Hoc|iPhone
		{3FE3B82E-8780-4A11-B4C7-EB843656FD23}.Ad-Hoc|iPhoneSimulator.ActiveCfg = Ad-Hoc|iPhoneSimulator
		{3FE3B82E-8780-4A11-B4C7-EB843656FD23}.Ad-Hoc|iPhoneSimulator.Build.0 = Ad-Hoc|iPhoneSimulator
		{3FE3B82E-8780-4A11-B4C7-EB843656FD23}.Ad-Hoc|x64.ActiveCfg = Ad-Hoc|iPhone
		{3FE3B82E-8780-4A11-B4C7-EB843656FD23}.Ad-Hoc|x86.ActiveCfg = Ad-Hoc|iPhone
		{3FE3B82E-8780-4A11-B4C7-EB843656FD23}.AppStore|Any CPU.ActiveCfg = AppStore|iPhone
		{3FE3B82E-8780-4A11-B4C7-EB843656FD23}.AppStore|ARM.ActiveCfg = AppStore|iPhone
		{3FE3B82E-8780-4A11-B4C7-EB843656FD23}.AppStore|iPhone.ActiveCfg = AppStore|iPhone
		{3FE3B82E-8780-4A11-B4C7-EB843656FD23}.AppStore|iPhone.Build.0 = AppStore|iPhone
		{3FE3B82E-8780-4A11-B4C7-EB843656FD23}.AppStore|iPhoneSimulator.ActiveCfg = AppStore|iPhoneSimulator
		{3FE3B82E-8780-4A11-B4C7-EB843656FD23}.AppStore|iPhoneSimulator.Build.0 = AppStore|iPhoneSimulator
		{3FE3B82E-8780-4A11-B4C7-EB843656FD23}.AppStore|x64.ActiveCfg = AppStore|iPhone
		{3FE3B82E-8780-4A11-B4C7-EB843656FD23}.AppStore|x86.ActiveCfg = AppStore|iPhone
		{3FE3B82E-8780-4A11-B4C7-EB843656FD23}.Debug|Any CPU.ActiveCfg = Debug|iPhone
		{3FE3B82E-8780-4A11-B4C7-EB843656FD23}.Debug|ARM.ActiveCfg = Debug|iPhone
		{3FE3B82E-8780-4A11-B4C7-EB843656FD23}.Debug|iPhone.ActiveCfg = Debug|iPhone
		{3FE3B82E-8780-4A11-B4C7-EB843656FD23}.Debug|iPhone.Build.0 = Debug|iPhone
		{3FE3B82E-8780-4A11-B4C7-EB843656FD23}.Debug|iPhoneSimulator.ActiveCfg = Debug|iPhoneSimulator
		{3FE3B82E-8780-4A11-B4C7-EB843656FD23}.Debug|iPhoneSimulator.Build.0 = Debug|iPhoneSimulator
		{3FE3B82E-8780-4A11-B4C7-EB843656FD23}.Debug|x64.ActiveCfg = Debug|iPhone
		{3FE3B82E-8780-4A11-B4C7-EB843656FD23}.Debug|x86.ActiveCfg = Debug|iPhone
		{3FE3B82E-8780-4A11-B4C7-EB843656FD23}.Release|Any CPU.ActiveCfg = Release|iPhone
		{3FE3B82E-8780-4A11-B4C7-EB843656FD23}.Release|ARM.ActiveCfg = Release|iPhone
		{3FE3B82E-8780-4A11-B4C7-EB843656FD23}.Release|iPhone.ActiveCfg = Release|iPhone
		{3FE3B82E-8780-4A11-B4C7-EB843656FD23}.Release|iPhone.Build.0 = Release|iPhone
		{3FE3B82E-8780-4A11-B4C7-EB843656FD23}.Release|iPhoneSimulator.ActiveCfg = Release|iPhoneSimulator
		{3FE3B82E-8780-4A11-B4C7-EB843656FD23}.Release|iPhoneSimulator.Build.0 = Release|iPhoneSimulator
		{3FE3B82E-8780-4A11-B4C7-EB843656FD23}.Release|x64.ActiveCfg = Release|iPhone
		{3FE3B82E-8780-4A11-B4C7-EB843656FD23}.Release|x86.ActiveCfg = Release|iPhone
		{35F08C5F-E146-48F8-8536-A36FD08655F3}.Ad-Hoc|Any CPU.ActiveCfg = Release|Any CPU
		{35F08C5F-E146-48F8-8536-A36FD08655F3}.Ad-Hoc|Any CPU.Build.0 = Release|Any CPU
		{35F08C5F-E146-48F8-8536-A36FD08655F3}.Ad-Hoc|ARM.ActiveCfg = Release|Any CPU
		{35F08C5F-E146-48F8-8536-A36FD08655F3}.Ad-Hoc|ARM.Build.0 = Release|Any CPU
		{35F08C5F-E146-48F8-8536-A36FD08655F3}.Ad-Hoc|iPhone.ActiveCfg = Release|Any CPU
		{35F08C5F-E146-48F8-8536-A36FD08655F3}.Ad-Hoc|iPhone.Build.0 = Release|Any CPU
		{35F08C5F-E146-48F8-8536-A36FD08655F3}.Ad-Hoc|iPhoneSimulator.ActiveCfg = Release|Any CPU
		{35F08C5F-E146-48F8-8536-A36FD08655F3}.Ad-Hoc|iPhoneSimulator.Build.0 = Release|Any CPU
		{35F08C5F-E146-48F8-8536-A36FD08655F3}.Ad-Hoc|x64.ActiveCfg = Release|Any CPU
		{35F08C5F-E146-48F8-8536-A36FD08655F3}.Ad-Hoc|x64.Build.0 = Release|Any CPU
		{35F08C5F-E146-48F8-8536-A36FD08655F3}.Ad-Hoc|x86.ActiveCfg = Release|Any CPU
		{35F08C5F-E146-48F8-8536-A36FD08655F3}.Ad-Hoc|x86.Build.0 = Release|Any CPU
		{35F08C5F-E146-48F8-8536-A36FD08655F3}.AppStore|Any CPU.ActiveCfg = Release|Any CPU
		{35F08C5F-E146-48F8-8536-A36FD08655F3}.AppStore|Any CPU.Build.0 = Release|Any CPU
		{35F08C5F-E146-48F8-8536-A36FD08655F3}.AppStore|ARM.ActiveCfg = Release|Any CPU
		{35F08C5F-E146-48F8-8536-A36FD08655F3}.AppStore|ARM.Build.0 = Release|Any CPU
		{35F08C5F-E146-48F8-8536-A36FD08655F3}.AppStore|iPhone.ActiveCfg = Release|Any CPU
		{35F08C5F-E146-48F8-8536-A36FD08655F3}.AppStore|iPhone.Build.0 = Release|Any CPU
		{35F08C5F-E146-48F8-8536-A36FD08655F3}.AppStore|iPhoneSimulator.ActiveCfg = Release|Any CPU
		{35F08C5F-E146-48F8-8536-A36FD08655F3}.AppStore|iPhoneSimulator.Build.0 = Release|Any CPU
		{35F08C5F-E146-48F8-8536-A36FD08655F3}.AppStore|x64.ActiveCfg = Release|Any CPU
		{35F08C5F-E146-48F8-8536-A36FD08655F3}.AppStore|x64.Build.0 = Release|Any CPU
		{35F08C5F-E146-48F8-8536-A36FD08655F3}.AppStore|x86.ActiveCfg = Release|Any CPU
		{35F08C5F-E146-48F8-8536-A36FD08655F3}.AppStore|x86.Build.0 = Release|Any CPU
		{35F08C5F-E146-48F8-8536-A36FD08655F3}.Debug|Any CPU.ActiveCfg = Debug|Any CPU
		{35F08C5F-E146-48F8-8536-A36FD08655F3}.Debug|Any CPU.Build.0 = Debug|Any CPU
		{35F08C5F-E146-48F8-8536-A36FD08655F3}.Debug|ARM.ActiveCfg = Debug|Any CPU
		{35F08C5F-E146-48F8-8536-A36FD08655F3}.Debug|ARM.Build.0 = Debug|Any CPU
		{35F08C5F-E146-48F8-8536-A36FD08655F3}.Debug|iPhone.ActiveCfg = Debug|Any CPU
		{35F08C5F-E146-48F8-8536-A36FD08655F3}.Debug|iPhone.Build.0 = Debug|Any CPU
		{35F08C5F-E146-48F8-8536-A36FD08655F3}.Debug|iPhoneSimulator.ActiveCfg = Debug|Any CPU
		{35F08C5F-E146-48F8-8536-A36FD08655F3}.Debug|iPhoneSimulator.Build.0 = Debug|Any CPU
		{35F08C5F-E146-48F8-8536-A36FD08655F3}.Debug|x64.ActiveCfg = Debug|Any CPU
		{35F08C5F-E146-48F8-8536-A36FD08655F3}.Debug|x64.Build.0 = Debug|Any CPU
		{35F08C5F-E146-48F8-8536-A36FD08655F3}.Debug|x86.ActiveCfg = Debug|Any CPU
		{35F08C5F-E146-48F8-8536-A36FD08655F3}.Debug|x86.Build.0 = Debug|Any CPU
		{35F08C5F-E146-48F8-8536-A36FD08655F3}.Release|Any CPU.ActiveCfg = Release|Any CPU
		{35F08C5F-E146-48F8-8536-A36FD08655F3}.Release|Any CPU.Build.0 = Release|Any CPU
		{35F08C5F-E146-48F8-8536-A36FD08655F3}.Release|ARM.ActiveCfg = Release|Any CPU
		{35F08C5F-E146-48F8-8536-A36FD08655F3}.Release|ARM.Build.0 = Release|Any CPU
		{35F08C5F-E146-48F8-8536-A36FD08655F3}.Release|iPhone.ActiveCfg = Release|Any CPU
		{35F08C5F-E146-48F8-8536-A36FD08655F3}.Release|iPhone.Build.0 = Release|Any CPU
		{35F08C5F-E146-48F8-8536-A36FD08655F3}.Release|iPhoneSimulator.ActiveCfg = Release|Any CPU
		{35F08C5F-E146-48F8-8536-A36FD08655F3}.Release|iPhoneSimulator.Build.0 = Release|Any CPU
		{35F08C5F-E146-48F8-8536-A36FD08655F3}.Release|x64.ActiveCfg = Release|Any CPU
		{35F08C5F-E146-48F8-8536-A36FD08655F3}.Release|x64.Build.0 = Release|Any CPU
		{35F08C5F-E146-48F8-8536-A36FD08655F3}.Release|x86.ActiveCfg = Release|Any CPU
		{35F08C5F-E146-48F8-8536-A36FD08655F3}.Release|x86.Build.0 = Release|Any CPU
		{8BF0DBB6-A35B-4270-894A-2E3A6A05BCB6}.Ad-Hoc|Any CPU.ActiveCfg = Release|Any CPU
		{8BF0DBB6-A35B-4270-894A-2E3A6A05BCB6}.Ad-Hoc|Any CPU.Build.0 = Release|Any CPU
		{8BF0DBB6-A35B-4270-894A-2E3A6A05BCB6}.Ad-Hoc|ARM.ActiveCfg = Release|Any CPU
		{8BF0DBB6-A35B-4270-894A-2E3A6A05BCB6}.Ad-Hoc|ARM.Build.0 = Release|Any CPU
		{8BF0DBB6-A35B-4270-894A-2E3A6A05BCB6}.Ad-Hoc|iPhone.ActiveCfg = Release|Any CPU
		{8BF0DBB6-A35B-4270-894A-2E3A6A05BCB6}.Ad-Hoc|iPhone.Build.0 = Release|Any CPU
		{8BF0DBB6-A35B-4270-894A-2E3A6A05BCB6}.Ad-Hoc|iPhoneSimulator.ActiveCfg = Release|Any CPU
		{8BF0DBB6-A35B-4270-894A-2E3A6A05BCB6}.Ad-Hoc|iPhoneSimulator.Build.0 = Release|Any CPU
		{8BF0DBB6-A35B-4270-894A-2E3A6A05BCB6}.Ad-Hoc|x64.ActiveCfg = Release|Any CPU
		{8BF0DBB6-A35B-4270-894A-2E3A6A05BCB6}.Ad-Hoc|x64.Build.0 = Release|Any CPU
		{8BF0DBB6-A35B-4270-894A-2E3A6A05BCB6}.Ad-Hoc|x86.ActiveCfg = Release|Any CPU
		{8BF0DBB6-A35B-4270-894A-2E3A6A05BCB6}.Ad-Hoc|x86.Build.0 = Release|Any CPU
		{8BF0DBB6-A35B-4270-894A-2E3A6A05BCB6}.AppStore|Any CPU.ActiveCfg = Release|Any CPU
		{8BF0DBB6-A35B-4270-894A-2E3A6A05BCB6}.AppStore|Any CPU.Build.0 = Release|Any CPU
		{8BF0DBB6-A35B-4270-894A-2E3A6A05BCB6}.AppStore|ARM.ActiveCfg = Release|Any CPU
		{8BF0DBB6-A35B-4270-894A-2E3A6A05BCB6}.AppStore|ARM.Build.0 = Release|Any CPU
		{8BF0DBB6-A35B-4270-894A-2E3A6A05BCB6}.AppStore|iPhone.ActiveCfg = Release|Any CPU
		{8BF0DBB6-A35B-4270-894A-2E3A6A05BCB6}.AppStore|iPhone.Build.0 = Release|Any CPU
		{8BF0DBB6-A35B-4270-894A-2E3A6A05BCB6}.AppStore|iPhoneSimulator.ActiveCfg = Release|Any CPU
		{8BF0DBB6-A35B-4270-894A-2E3A6A05BCB6}.AppStore|iPhoneSimulator.Build.0 = Release|Any CPU
		{8BF0DBB6-A35B-4270-894A-2E3A6A05BCB6}.AppStore|x64.ActiveCfg = Release|Any CPU
		{8BF0DBB6-A35B-4270-894A-2E3A6A05BCB6}.AppStore|x64.Build.0 = Release|Any CPU
		{8BF0DBB6-A35B-4270-894A-2E3A6A05BCB6}.AppStore|x86.ActiveCfg = Release|Any CPU
		{8BF0DBB6-A35B-4270-894A-2E3A6A05BCB6}.AppStore|x86.Build.0 = Release|Any CPU
		{8BF0DBB6-A35B-4270-894A-2E3A6A05BCB6}.Debug|Any CPU.ActiveCfg = Debug|Any CPU
		{8BF0DBB6-A35B-4270-894A-2E3A6A05BCB6}.Debug|Any CPU.Build.0 = Debug|Any CPU
		{8BF0DBB6-A35B-4270-894A-2E3A6A05BCB6}.Debug|ARM.ActiveCfg = Debug|Any CPU
		{8BF0DBB6-A35B-4270-894A-2E3A6A05BCB6}.Debug|ARM.Build.0 = Debug|Any CPU
		{8BF0DBB6-A35B-4270-894A-2E3A6A05BCB6}.Debug|iPhone.ActiveCfg = Debug|Any CPU
		{8BF0DBB6-A35B-4270-894A-2E3A6A05BCB6}.Debug|iPhone.Build.0 = Debug|Any CPU
		{8BF0DBB6-A35B-4270-894A-2E3A6A05BCB6}.Debug|iPhoneSimulator.ActiveCfg = Debug|Any CPU
		{8BF0DBB6-A35B-4270-894A-2E3A6A05BCB6}.Debug|iPhoneSimulator.Build.0 = Debug|Any CPU
		{8BF0DBB6-A35B-4270-894A-2E3A6A05BCB6}.Debug|x64.ActiveCfg = Debug|Any CPU
		{8BF0DBB6-A35B-4270-894A-2E3A6A05BCB6}.Debug|x64.Build.0 = Debug|Any CPU
		{8BF0DBB6-A35B-4270-894A-2E3A6A05BCB6}.Debug|x86.ActiveCfg = Debug|Any CPU
		{8BF0DBB6-A35B-4270-894A-2E3A6A05BCB6}.Debug|x86.Build.0 = Debug|Any CPU
		{8BF0DBB6-A35B-4270-894A-2E3A6A05BCB6}.Release|Any CPU.ActiveCfg = Release|Any CPU
		{8BF0DBB6-A35B-4270-894A-2E3A6A05BCB6}.Release|Any CPU.Build.0 = Release|Any CPU
		{8BF0DBB6-A35B-4270-894A-2E3A6A05BCB6}.Release|ARM.ActiveCfg = Release|Any CPU
		{8BF0DBB6-A35B-4270-894A-2E3A6A05BCB6}.Release|ARM.Build.0 = Release|Any CPU
		{8BF0DBB6-A35B-4270-894A-2E3A6A05BCB6}.Release|iPhone.ActiveCfg = Release|Any CPU
		{8BF0DBB6-A35B-4270-894A-2E3A6A05BCB6}.Release|iPhone.Build.0 = Release|Any CPU
		{8BF0DBB6-A35B-4270-894A-2E3A6A05BCB6}.Release|iPhoneSimulator.ActiveCfg = Release|Any CPU
		{8BF0DBB6-A35B-4270-894A-2E3A6A05BCB6}.Release|iPhoneSimulator.Build.0 = Release|Any CPU
		{8BF0DBB6-A35B-4270-894A-2E3A6A05BCB6}.Release|x64.ActiveCfg = Release|Any CPU
		{8BF0DBB6-A35B-4270-894A-2E3A6A05BCB6}.Release|x64.Build.0 = Release|Any CPU
		{8BF0DBB6-A35B-4270-894A-2E3A6A05BCB6}.Release|x86.ActiveCfg = Release|Any CPU
		{8BF0DBB6-A35B-4270-894A-2E3A6A05BCB6}.Release|x86.Build.0 = Release|Any CPU
		{F2B8CBCD-B2ED-4146-BC14-D38ABF16ACC9}.Ad-Hoc|Any CPU.ActiveCfg = Release|Any CPU
		{F2B8CBCD-B2ED-4146-BC14-D38ABF16ACC9}.Ad-Hoc|Any CPU.Build.0 = Release|Any CPU
		{F2B8CBCD-B2ED-4146-BC14-D38ABF16ACC9}.Ad-Hoc|ARM.ActiveCfg = Release|Any CPU
		{F2B8CBCD-B2ED-4146-BC14-D38ABF16ACC9}.Ad-Hoc|ARM.Build.0 = Release|Any CPU
		{F2B8CBCD-B2ED-4146-BC14-D38ABF16ACC9}.Ad-Hoc|iPhone.ActiveCfg = Release|Any CPU
		{F2B8CBCD-B2ED-4146-BC14-D38ABF16ACC9}.Ad-Hoc|iPhone.Build.0 = Release|Any CPU
		{F2B8CBCD-B2ED-4146-BC14-D38ABF16ACC9}.Ad-Hoc|iPhoneSimulator.ActiveCfg = Release|Any CPU
		{F2B8CBCD-B2ED-4146-BC14-D38ABF16ACC9}.Ad-Hoc|iPhoneSimulator.Build.0 = Release|Any CPU
		{F2B8CBCD-B2ED-4146-BC14-D38ABF16ACC9}.Ad-Hoc|x64.ActiveCfg = Release|Any CPU
		{F2B8CBCD-B2ED-4146-BC14-D38ABF16ACC9}.Ad-Hoc|x64.Build.0 = Release|Any CPU
		{F2B8CBCD-B2ED-4146-BC14-D38ABF16ACC9}.Ad-Hoc|x86.ActiveCfg = Release|Any CPU
		{F2B8CBCD-B2ED-4146-BC14-D38ABF16ACC9}.Ad-Hoc|x86.Build.0 = Release|Any CPU
		{F2B8CBCD-B2ED-4146-BC14-D38ABF16ACC9}.AppStore|Any CPU.ActiveCfg = Release|Any CPU
		{F2B8CBCD-B2ED-4146-BC14-D38ABF16ACC9}.AppStore|Any CPU.Build.0 = Release|Any CPU
		{F2B8CBCD-B2ED-4146-BC14-D38ABF16ACC9}.AppStore|ARM.ActiveCfg = Release|Any CPU
		{F2B8CBCD-B2ED-4146-BC14-D38ABF16ACC9}.AppStore|ARM.Build.0 = Release|Any CPU
		{F2B8CBCD-B2ED-4146-BC14-D38ABF16ACC9}.AppStore|iPhone.ActiveCfg = Release|Any CPU
		{F2B8CBCD-B2ED-4146-BC14-D38ABF16ACC9}.AppStore|iPhone.Build.0 = Release|Any CPU
		{F2B8CBCD-B2ED-4146-BC14-D38ABF16ACC9}.AppStore|iPhoneSimulator.ActiveCfg = Release|Any CPU
		{F2B8CBCD-B2ED-4146-BC14-D38ABF16ACC9}.AppStore|iPhoneSimulator.Build.0 = Release|Any CPU
		{F2B8CBCD-B2ED-4146-BC14-D38ABF16ACC9}.AppStore|x64.ActiveCfg = Release|Any CPU
		{F2B8CBCD-B2ED-4146-BC14-D38ABF16ACC9}.AppStore|x64.Build.0 = Release|Any CPU
		{F2B8CBCD-B2ED-4146-BC14-D38ABF16ACC9}.AppStore|x86.ActiveCfg = Release|Any CPU
		{F2B8CBCD-B2ED-4146-BC14-D38ABF16ACC9}.AppStore|x86.Build.0 = Release|Any CPU
		{F2B8CBCD-B2ED-4146-BC14-D38ABF16ACC9}.Debug|Any CPU.ActiveCfg = Debug|Any CPU
		{F2B8CBCD-B2ED-4146-BC14-D38ABF16ACC9}.Debug|Any CPU.Build.0 = Debug|Any CPU
		{F2B8CBCD-B2ED-4146-BC14-D38ABF16ACC9}.Debug|ARM.ActiveCfg = Debug|Any CPU
		{F2B8CBCD-B2ED-4146-BC14-D38ABF16ACC9}.Debug|ARM.Build.0 = Debug|Any CPU
		{F2B8CBCD-B2ED-4146-BC14-D38ABF16ACC9}.Debug|iPhone.ActiveCfg = Debug|Any CPU
		{F2B8CBCD-B2ED-4146-BC14-D38ABF16ACC9}.Debug|iPhone.Build.0 = Debug|Any CPU
		{F2B8CBCD-B2ED-4146-BC14-D38ABF16ACC9}.Debug|iPhoneSimulator.ActiveCfg = Debug|Any CPU
		{F2B8CBCD-B2ED-4146-BC14-D38ABF16ACC9}.Debug|iPhoneSimulator.Build.0 = Debug|Any CPU
		{F2B8CBCD-B2ED-4146-BC14-D38ABF16ACC9}.Debug|x64.ActiveCfg = Debug|Any CPU
		{F2B8CBCD-B2ED-4146-BC14-D38ABF16ACC9}.Debug|x64.Build.0 = Debug|Any CPU
		{F2B8CBCD-B2ED-4146-BC14-D38ABF16ACC9}.Debug|x86.ActiveCfg = Debug|Any CPU
		{F2B8CBCD-B2ED-4146-BC14-D38ABF16ACC9}.Debug|x86.Build.0 = Debug|Any CPU
		{F2B8CBCD-B2ED-4146-BC14-D38ABF16ACC9}.Release|Any CPU.ActiveCfg = Release|Any CPU
		{F2B8CBCD-B2ED-4146-BC14-D38ABF16ACC9}.Release|Any CPU.Build.0 = Release|Any CPU
		{F2B8CBCD-B2ED-4146-BC14-D38ABF16ACC9}.Release|ARM.ActiveCfg = Release|Any CPU
		{F2B8CBCD-B2ED-4146-BC14-D38ABF16ACC9}.Release|ARM.Build.0 = Release|Any CPU
		{F2B8CBCD-B2ED-4146-BC14-D38ABF16ACC9}.Release|iPhone.ActiveCfg = Release|Any CPU
		{F2B8CBCD-B2ED-4146-BC14-D38ABF16ACC9}.Release|iPhone.Build.0 = Release|Any CPU
		{F2B8CBCD-B2ED-4146-BC14-D38ABF16ACC9}.Release|iPhoneSimulator.ActiveCfg = Release|Any CPU
		{F2B8CBCD-B2ED-4146-BC14-D38ABF16ACC9}.Release|iPhoneSimulator.Build.0 = Release|Any CPU
		{F2B8CBCD-B2ED-4146-BC14-D38ABF16ACC9}.Release|x64.ActiveCfg = Release|Any CPU
		{F2B8CBCD-B2ED-4146-BC14-D38ABF16ACC9}.Release|x64.Build.0 = Release|Any CPU
		{F2B8CBCD-B2ED-4146-BC14-D38ABF16ACC9}.Release|x86.ActiveCfg = Release|Any CPU
		{F2B8CBCD-B2ED-4146-BC14-D38ABF16ACC9}.Release|x86.Build.0 = Release|Any CPU
	EndGlobalSection
	GlobalSection(SolutionProperties) = preSolution
		HideSolutionNode = FALSE
	EndGlobalSection
	GlobalSection(NestedProjects) = preSolution
		{A937DE24-CDE1-4726-B04A-274638B2E83A} = {C85E52FF-5638-4161-A3A4-03437DE9E758}
		{2315B808-5515-4540-B44C-AD53184BFF9E} = {C85E52FF-5638-4161-A3A4-03437DE9E758}
		{E63EA8DA-1FF9-4E99-A683-A50737891522} = {A47DFD61-0AC3-4B38-AACA-FF609D3D86E2}
		{15CC7322-E480-498D-918A-0984524EE98C} = {5CC9953F-D11C-4EBC-A648-388A0A31B91C}
		{447A639B-5DCA-4435-A6C9-D76EB137BF1E} = {87CE14A6-51AF-4E89-B854-E9B2BDB894AC}
		{3B041265-8025-43CE-B565-8A9A13CF7EAB} = {87CE14A6-51AF-4E89-B854-E9B2BDB894AC}
		{FB360ED3-62FD-4272-9EA1-8ED148CA5C25} = {87CE14A6-51AF-4E89-B854-E9B2BDB894AC}
		{3FE3B82E-8780-4A11-B4C7-EB843656FD23} = {87CE14A6-51AF-4E89-B854-E9B2BDB894AC}
		{35F08C5F-E146-48F8-8536-A36FD08655F3} = {A47DFD61-0AC3-4B38-AACA-FF609D3D86E2}
		{8BF0DBB6-A35B-4270-894A-2E3A6A05BCB6} = {C85E52FF-5638-4161-A3A4-03437DE9E758}
		{F2B8CBCD-B2ED-4146-BC14-D38ABF16ACC9} = {744B5BA6-91CE-4982-8DA9-E7D7901DD0EB}
	EndGlobalSection
EndGlobal
